
Microsoft Visual Studio Solution File, Format Version 12.00
# Visual Studio Version 17
VisualStudioVersion = 17.14.36301.6
MinimumVisualStudioVersion = 10.0.40219.1
Project("{FAE04EC0-301F-11D3-BF4B-00C04F79EFBC}") = "Maps", "Maps.csproj", "{F62A4E79-CB8D-48CD-8454-A4CDB0C8D013}"
EndProject
Project("{FAE04EC0-301F-11D3-BF4B-00C04F79EFBC}") = "T", "tests\T.csproj", "{C6C94295-1B00-458B-8949-B580450B4D1B}"
EndProject
Project("{FAE04EC0-301F-11D3-BF4B-00C04F79EFBC}") = "MapsTests", "MapsTests\MapsTests.csproj", "{93169867-2973-4464-92D3-6D1B3CD9ABF8}"
EndProject
Global
	GlobalSection(SolutionConfigurationPlatforms) = preSolution
		Debug|Any CPU = Debug|Any CPU
		Release|Any CPU = Release|Any CPU
	EndGlobalSection
	GlobalSection(ProjectConfigurationPlatforms) = postSolution
		{F62A4E79-CB8D-48CD-8454-A4CDB0C8D013}.Debug|Any CPU.ActiveCfg = Debug|Any CPU
		{F62A4E79-CB8D-48CD-8454-A4CDB0C8D013}.Debug|Any CPU.Build.0 = Debug|Any CPU
		{F62A4E79-CB8D-48CD-8454-A4CDB0C8D013}.Release|Any CPU.ActiveCfg = Release|Any CPU
		{F62A4E79-CB8D-48CD-8454-A4CDB0C8D013}.Release|Any CPU.Build.0 = Release|Any CPU
		{C6C94295-1B00-458B-8949-B580450B4D1B}.Debug|Any CPU.ActiveCfg = Debug|Any CPU
		{C6C94295-1B00-458B-8949-B580450B4D1B}.Debug|Any CPU.Build.0 = Debug|Any CPU
		{C6C94295-1B00-458B-8949-B580450B4D1B}.Release|Any CPU.ActiveCfg = Release|Any CPU
		{C6C94295-1B00-458B-8949-B580450B4D1B}.Release|Any CPU.Build.0 = Release|Any CPU
		{93169867-2973-4464-92D3-6D1B3CD9ABF8}.Debug|Any CPU.ActiveCfg = Debug|Any CPU
		{93169867-2973-4464-92D3-6D1B3CD9ABF8}.Debug|Any CPU.Build.0 = Debug|Any CPU
		{93169867-2973-4464-92D3-6D1B3CD9ABF8}.Release|Any CPU.ActiveCfg = Release|Any CPU
		{93169867-2973-4464-92D3-6D1B3CD9ABF8}.Release|Any CPU.Build.0 = Release|Any CPU
	EndGlobalSection
	GlobalSection(SolutionProperties) = preSolution
		HideSolutionNode = FALSE
	EndGlobalSection
	GlobalSection(ExtensibilityGlobals) = postSolution
		SolutionGuid = {A3621C1E-C1B5-46D9-8B35-38222B4BE617}
	EndGlobalSection
EndGlobal
